{
  "name": "Js Quiz",
  "lockfileVersion": 3,
  "requires": true,
  "packages": {
    "": {
      "dependencies": {
        "sweetalert2": "^11.26.15"
      }
    },
    "node_modules/sweetalert2": {
      "version": "11.26.15",
      "resolved": "https://registry.npmjs.org/sweetalert2/-/sweetalert2-11.26.15.tgz",
      "integrity": "sha512-TUOVg0yXhCjLu/Hn6Wid+dg63dBGqKIPGIcw1ESnozfAg6mMqHfaHmp3R6yBgUNiW0t7q9lzqCuDRekheZSe5Q==",
      "license": "MIT",
      "funding": {
        "type": "individual",
        "url": "https://github.com/sponsors/limonte"
      }
    }
  }
}
